# generated by rye
# use `rye lock` or `rye sync` to update this lockfile
#
# last locked with the following flags:
#   pre: false
#   features: []
#   all-features: false
#   with-sources: false
#   generate-hashes: false
#   universal: false

-e file:.
certifi==2024.7.4
    # via requests
charset-normalizer==3.3.2
    # via requests
coverage==7.6.1
    # via pytest-cov
idna==3.8
    # via requests
iniconfig==2.0.0
    # via pytest
mypy==1.11.2
mypy-extensions==1.0.0
    # via mypy
packaging==24.1
    # via pytest
pluggy==1.5.0
    # via pytest
pysam==0.22.1
    # via libscibio
pytest==8.3.3
    # via pytest-cov
pytest-cov==5.0.0
requests==2.32.3
    # via libscibio
types-requests==2.32.0.20240914
typing-extensions==4.12.2
    # via mypy
urllib3==2.2.3
    # via requests
    # via types-requests
