# generated by rye
# use `rye lock` or `rye sync` to update this lockfile
#
# last locked with the following flags:
#   pre: false
#   features: []
#   all-features: false
#   with-sources: false
#   generate-hashes: false
#   universal: false

-e file:.
certifi==2024.7.4
    # via requests
charset-normalizer==3.3.2
    # via requests
idna==3.8
    # via requests
ncls==0.0.68
    # via tinyscibio
numpy==2.1.2
    # via ncls
    # via tinyscibio
polars==1.12.0
    # via tinyscibio
pysam==0.23.0
    # via tinyscibio
requests==2.32.3
    # via tinyscibio
setuptools==75.3.0
    # via tinyscibio
urllib3==2.2.3
    # via requests
